
Microsoft Visual Studio Solution File, Format Version 12.00
# Visual Studio Version 17
VisualStudioVersion = 17.0.32112.339
MinimumVisualStudioVersion = 10.0.40219.1
Project("{9A19103F-16F7-4668-BE54-9A1E7A4F7556}") = "ContactManager", "ContactManager.csproj", "{6B3E794A-F890-466A-B21E-C393A34E246E}"
EndProject
Global
	GlobalSection(SolutionConfigurationPlatforms) = preSolution
		Debug|Any CPU = Debug|Any CPU
		Release|Any CPU = Release|Any CPU
	EndGlobalSection
	GlobalSection(ProjectConfigurationPlatforms) = postSolution
		{6B3E794A-F890-466A-B21E-C393A34E246E}.Debug|Any CPU.ActiveCfg = Debug|Any CPU
		{6B3E794A-F890-466A-B21E-C393A34E246E}.Debug|Any CPU.Build.0 = Debug|Any CPU
		{6B3E794A-F890-466A-B21E-C393A34E246E}.Release|Any CPU.ActiveCfg = Release|Any CPU
		{6B3E794A-F890-466A-B21E-C393A34E246E}.Release|Any CPU.Build.0 = Release|Any CPU
	EndGlobalSection
	GlobalSection(SolutionProperties) = preSolution
		HideSolutionNode = FALSE
	EndGlobalSection
	GlobalSection(ExtensibilityGlobals) = postSolution
		SolutionGuid = {F713DE90-6D8C-4D80-8117-153ED66249AE}
	EndGlobalSection
EndGlobal
